
Microsoft Visual Studio Solution File, Format Version 12.00
# Visual Studio Version 16
VisualStudioVersion = 16.0.33027.164
MinimumVisualStudioVersion = 10.0.40219.1
Project("{FAE04EC0-301F-11D3-BF4B-00C04F79EFBC}") = "sf79 orn94", "sf79 orn94\sf79 orn94.csproj", "{5AB513D8-54CA-4FE0-A28E-77ED0CE0F949}"
EndProject
Global
	GlobalSection(SolutionConfigurationPlatforms) = preSolution
		Debug|Any CPU = Debug|Any CPU
		Release|Any CPU = Release|Any CPU
	EndGlobalSection
	GlobalSection(ProjectConfigurationPlatforms) = postSolution
		{5AB513D8-54CA-4FE0-A28E-77ED0CE0F949}.Debug|Any CPU.ActiveCfg = Debug|Any CPU
		{5AB513D8-54CA-4FE0-A28E-77ED0CE0F949}.Debug|Any CPU.Build.0 = Debug|Any CPU
		{5AB513D8-54CA-4FE0-A28E-77ED0CE0F949}.Release|Any CPU.ActiveCfg = Release|Any CPU
		{5AB513D8-54CA-4FE0-A28E-77ED0CE0F949}.Release|Any CPU.Build.0 = Release|Any CPU
	EndGlobalSection
	GlobalSection(SolutionProperties) = preSolution
		HideSolutionNode = FALSE
	EndGlobalSection
	GlobalSection(ExtensibilityGlobals) = postSolution
		SolutionGuid = {F9D30457-A46E-413D-9087-F2176BC8BA08}
	EndGlobalSection
EndGlobal
