
Microsoft Visual Studio Solution File, Format Version 12.00
# Visual Studio Version 16
VisualStudioVersion = 16.0.33027.164
MinimumVisualStudioVersion = 10.0.40219.1
Project("{FAE04EC0-301F-11D3-BF4B-00C04F79EFBC}") = "sf88orn213", "sf88orn213\sf88orn213.csproj", "{49426983-DEF3-4A75-95BE-51FAE46A49B9}"
EndProject
Global
	GlobalSection(SolutionConfigurationPlatforms) = preSolution
		Debug|Any CPU = Debug|Any CPU
		Release|Any CPU = Release|Any CPU
	EndGlobalSection
	GlobalSection(ProjectConfigurationPlatforms) = postSolution
		{49426983-DEF3-4A75-95BE-51FAE46A49B9}.Debug|Any CPU.ActiveCfg = Debug|Any CPU
		{49426983-DEF3-4A75-95BE-51FAE46A49B9}.Debug|Any CPU.Build.0 = Debug|Any CPU
		{49426983-DEF3-4A75-95BE-51FAE46A49B9}.Release|Any CPU.ActiveCfg = Release|Any CPU
		{49426983-DEF3-4A75-95BE-51FAE46A49B9}.Release|Any CPU.Build.0 = Release|Any CPU
	EndGlobalSection
	GlobalSection(SolutionProperties) = preSolution
		HideSolutionNode = FALSE
	EndGlobalSection
	GlobalSection(ExtensibilityGlobals) = postSolution
		SolutionGuid = {94548524-3BD3-4EE2-9F6A-B90D4226C3FB}
	EndGlobalSection
EndGlobal
